// !$*UTF8*$!
{
	archiveVersion = 1;
	classes = {
	};
	objectVersion = 77;
	objects = {

/* Begin PBXContainerItemProxy section */
		BB00000B00000000000000AA /* PBXContainerItemProxy */ = {
			isa = PBXContainerItemProxy;
			containerPortal = F2E054A22F6D24D100056210 /* Project object */;
			proxyType = 1;
			remoteGlobalIDString = BB00000600000000000000AA;
			remoteInfo = BoosterHealth;
		};
		F2E054B82F6D24D600056210 /* PBXContainerItemProxy */ = {
			isa = PBXContainerItemProxy;
			containerPortal = F2E054A22F6D24D100056210 /* Project object */;
			proxyType = 1;
			remoteGlobalIDString = F2E054A92F6D24D100056210;
			remoteInfo = BoosterSimApp;
		};
		F2E054C22F6D24D600056210 /* PBXContainerItemProxy */ = {
			isa = PBXContainerItemProxy;
			containerPortal = F2E054A22F6D24D100056210 /* Project object */;
			proxyType = 1;
			remoteGlobalIDString = F2E054A92F6D24D100056210;
			remoteInfo = BoosterSimApp;
		};
/* End PBXContainerItemProxy section */

/* Begin PBXFileReference section */
		BB00000100000000000000AA /* BoosterHealth.app */ = {isa = PBXFileReference; explicitFileType = wrapper.application; includeInIndex = 0; path = BoosterHealth.app; sourceTree = BUILT_PRODUCTS_DIR; };
		F2E054AA2F6D24D100056210 /* BoosterSimApp.app */ = {isa = PBXFileReference; explicitFileType = wrapper.application; includeInIndex = 0; path = BoosterSimApp.app; sourceTree = BUILT_PRODUCTS_DIR; };
		F2E054B72F6D24D600056210 /* BoosterSimAppTests.xctest */ = {isa = PBXFileReference; explicitFileType = wrapper.cfbundle; includeInIndex = 0; path = BoosterSimAppTests.xctest; sourceTree = BUILT_PRODUCTS_DIR; };
		F2E054C12F6D24D600056210 /* BoosterSimAppUITests.xctest */ = {isa = PBXFileReference; explicitFileType = wrapper.cfbundle; includeInIndex = 0; path = BoosterSimAppUITests.xctest; sourceTree = BUILT_PRODUCTS_DIR; };
/* End PBXFileReference section */

/* Begin PBXFileSystemSynchronizedRootGroup section */
		BB00000200000000000000AA /* BoosterHealth */ = {
			isa = PBXFileSystemSynchronizedRootGroup;
			path = BoosterHealth;
			sourceTree = "<group>";
		};
		F2E054AC2F6D24D100056210 /* BoosterSimApp */ = {
			isa = PBXFileSystemSynchronizedRootGroup;
			path = BoosterSimApp;
			sourceTree = "<group>";
		};
		F2E054BA2F6D24D600056210 /* BoosterSimAppTests */ = {
			isa = PBXFileSystemSynchronizedRootGroup;
			path = BoosterSimAppTests;
			sourceTree = "<group>";
		};
		F2E054C42F6D24D600056210 /* BoosterSimAppUITests */ = {
			isa = PBXFileSystemSynchronizedRootGroup;
			path = BoosterSimAppUITests;
			sourceTree = "<group>";
		};
/* End PBXFileSystemSynchronizedRootGroup section */

/* Begin PBXFrameworksBuildPhase section */
		BB00000400000000000000AA /* Frameworks */ = {
			isa = PBXFrameworksBuildPhase;
			buildActionMask = 2147483647;
			files = (
			);
			runOnlyForDeploymentPostprocessing = 0;
		};
		F2E054A72F6D24D100056210 /* Frameworks */ = {
			isa = PBXFrameworksBuildPhase;
			buildActionMask = 2147483647;
			files = (
			);
			runOnlyForDeploymentPostprocessing = 0;
		};
		F2E054B42F6D24D600056210 /* Frameworks */ = {
			isa = PBXFrameworksBuildPhase;
			buildActionMask = 2147483647;
			files = (
			);
			runOnlyForDeploymentPostprocessing = 0;
		};
		F2E054BE2F6D24D600056210 /* Frameworks */ = {
			isa = PBXFrameworksBuildPhase;
			buildActionMask = 2147483647;
			files = (
			);
			runOnlyForDeploymentPostprocessing = 0;
		};
/* End PBXFrameworksBuildPhase section */

/* Begin PBXGroup section */
		F2E054A12F6D24D100056210 = {
			isa = PBXGroup;
			children = (
				F2E054AC2F6D24D100056210 /* BoosterSimApp */,
				BB00000200000000000000AA /* BoosterHealth */,
				F2E054BA2F6D24D600056210 /* BoosterSimAppTests */,
				F2E054C42F6D24D600056210 /* BoosterSimAppUITests */,
				F2E054AB2F6D24D100056210 /* Products */,
			);
			sourceTree = "<group>";
		};
		F2E054AB2F6D24D100056210 /* Products */ = {
			isa = PBXGroup;
			children = (
				F2E054AA2F6D24D100056210 /* BoosterSimApp.app */,
				BB00000100000000000000AA /* BoosterHealth.app */,
				F2E054B72F6D24D600056210 /* BoosterSimAppTests.xctest */,
				F2E054C12F6D24D600056210 /* BoosterSimAppUITests.xctest */,
			);
			name = Products;
			sourceTree = "<group>";
		};
/* End PBXGroup section */

/* Begin PBXNativeTarget section */
		BB00000600000000000000AA /* BoosterHealth */ = {
			isa = PBXNativeTarget;
			buildConfigurationList = BB00000900000000000000AA /* Build configuration list for PBXNativeTarget "BoosterHealth" */;
			buildPhases = (
				BB00000300000000000000AA /* Sources */,
				BB00000400000000000000AA /* Frameworks */,
				BB00000500000000000000AA /* Resources */,
			);
			buildRules = (
			);
			dependencies = (
			);
			fileSystemSynchronizedGroups = (
				BB00000200000000000000AA /* BoosterHealth */,
			);
			name = BoosterHealth;
			packageProductDependencies = (
			);
			productName = BoosterHealth;
			productReference = BB00000100000000000000AA /* BoosterHealth.app */;
			productType = "com.apple.product-type.application";
		};
		F2E054A92F6D24D100056210 /* BoosterSimApp */ = {
			isa = PBXNativeTarget;
			buildConfigurationList = F2E054CB2F6D24D600056210 /* Build configuration list for PBXNativeTarget "BoosterSimApp" */;
			buildPhases = (
				F2E054A62F6D24D100056210 /* Sources */,
				F2E054A72F6D24D100056210 /* Frameworks */,
				F2E054A82F6D24D100056210 /* Resources */,
				BB00000C00000000000000AA /* Copy BoosterHealth.app */,
			);
			buildRules = (
			);
			dependencies = (
				BB00000A00000000000000AA /* PBXTargetDependency */,
			);
			fileSystemSynchronizedGroups = (
				F2E054AC2F6D24D100056210 /* BoosterSimApp */,
			);
			name = BoosterSimApp;
			packageProductDependencies = (
			);
			productName = BoosterSimApp;
			productReference = F2E054AA2F6D24D100056210 /* BoosterSimApp.app */;
			productType = "com.apple.product-type.application";
		};
		F2E054B62F6D24D600056210 /* BoosterSimAppTests */ = {
			isa = PBXNativeTarget;
			buildConfigurationList = F2E054CE2F6D24D600056210 /* Build configuration list for PBXNativeTarget "BoosterSimAppTests" */;
			buildPhases = (
				F2E054B32F6D24D600056210 /* Sources */,
				F2E054B42F6D24D600056210 /* Frameworks */,
				F2E054B52F6D24D600056210 /* Resources */,
			);
			buildRules = (
			);
			dependencies = (
				F2E054B92F6D24D600056210 /* PBXTargetDependency */,
			);
			fileSystemSynchronizedGroups = (
				F2E054BA2F6D24D600056210 /* BoosterSimAppTests */,
			);
			name = BoosterSimAppTests;
			packageProductDependencies = (
			);
			productName = BoosterSimAppTests;
			productReference = F2E054B72F6D24D600056210 /* BoosterSimAppTests.xctest */;
			productType = "com.apple.product-type.bundle.unit-test";
		};
		F2E054C02F6D24D600056210 /* BoosterSimAppUITests */ = {
			isa = PBXNativeTarget;
			buildConfigurationList = F2E054D12F6D24D600056210 /* Build configuration list for PBXNativeTarget "BoosterSimAppUITests" */;
			buildPhases = (
				F2E054BD2F6D24D600056210 /* Sources */,
				F2E054BE2F6D24D600056210 /* Frameworks */,
				F2E054BF2F6D24D600056210 /* Resources */,
			);
			buildRules = (
			);
			dependencies = (
				F2E054C32F6D24D600056210 /* PBXTargetDependency */,
			);
			fileSystemSynchronizedGroups = (
				F2E054C42F6D24D600056210 /* BoosterSimAppUITests */,
			);
			name = BoosterSimAppUITests;
			packageProductDependencies = (
			);
			productName = BoosterSimAppUITests;
			productReference = F2E054C12F6D24D600056210 /* BoosterSimAppUITests.xctest */;
			productType = "com.apple.product-type.bundle.ui-testing";
		};
/* End PBXNativeTarget section */

/* Begin PBXProject section */
		F2E054A22F6D24D100056210 /* Project object */ = {
			isa = PBXProject;
			attributes = {
				BuildIndependentTargetsInParallel = 1;
				LastSwiftUpdateCheck = 2630;
				LastUpgradeCheck = 2640;
				TargetAttributes = {
					BB00000600000000000000AA = {
						CreatedOnToolsVersion = 26.3;
					};
					F2E054A92F6D24D100056210 = {
						CreatedOnToolsVersion = 26.3;
					};
					F2E054B62F6D24D600056210 = {
						CreatedOnToolsVersion = 26.3;
						TestTargetID = F2E054A92F6D24D100056210;
					};
					F2E054C02F6D24D600056210 = {
						CreatedOnToolsVersion = 26.3;
						TestTargetID = F2E054A92F6D24D100056210;
					};
				};
			};
			buildConfigurationList = F2E054A52F6D24D100056210 /* Build configuration list for PBXProject "BoosterSimApp" */;
			developmentRegion = en;
			hasScannedForEncodings = 0;
			knownRegions = (
				en,
				Base,
			);
			mainGroup = F2E054A12F6D24D100056210;
			minimizedProjectReferenceProxies = 1;
			preferredProjectObjectVersion = 77;
			productRefGroup = F2E054AB2F6D24D100056210 /* Products */;
			projectDirPath = "";
			projectRoot = "";
			targets = (
				F2E054A92F6D24D100056210 /* BoosterSimApp */,
				BB00000600000000000000AA /* BoosterHealth */,
				F2E054B62F6D24D600056210 /* BoosterSimAppTests */,
				F2E054C02F6D24D600056210 /* BoosterSimAppUITests */,
			);
		};
/* End PBXProject section */

/* Begin PBXResourcesBuildPhase section */
		BB00000500000000000000AA /* Resources */ = {
			isa = PBXResourcesBuildPhase;
			buildActionMask = 2147483647;
			files = (
			);
			runOnlyForDeploymentPostprocessing = 0;
		};
		F2E054A82F6D24D100056210 /* Resources */ = {
			isa = PBXResourcesBuildPhase;
			buildActionMask = 2147483647;
			files = (
			);
			runOnlyForDeploymentPostprocessing = 0;
		};
		F2E054B52F6D24D600056210 /* Resources */ = {
			isa = PBXResourcesBuildPhase;
			buildActionMask = 2147483647;
			files = (
			);
			runOnlyForDeploymentPostprocessing = 0;
		};
		F2E054BF2F6D24D600056210 /* Resources */ = {
			isa = PBXResourcesBuildPhase;
			buildActionMask = 2147483647;
			files = (
			);
			runOnlyForDeploymentPostprocessing = 0;
		};
/* End PBXResourcesBuildPhase section */

/* Begin PBXShellScriptBuildPhase section */
		BB00000C00000000000000AA /* Copy BoosterHealth.app */ = {
			isa = PBXShellScriptBuildPhase;
			buildActionMask = 2147483647;
			files = (
			);
			inputPaths = (
				"$(BUILT_PRODUCTS_DIR%/*)/$(CONFIGURATION)-iphonesimulator/BoosterHealth.app",
			);
			name = "Copy BoosterHealth.app";
			outputPaths = (
				"$(BUILT_PRODUCTS_DIR)/$(UNLOCALIZED_RESOURCES_FOLDER_PATH)/BoosterHealth.app",
			);
			runOnlyForDeploymentPostprocessing = 0;
			shellPath = /bin/bash;
			shellScript = "set -e\nIOS_DIR=\"${BUILT_PRODUCTS_DIR%/*}/${CONFIGURATION}-iphonesimulator\"\nCOMPANION=\"${IOS_DIR}/BoosterHealth.app\"\nDEST=\"${BUILT_PRODUCTS_DIR}/${UNLOCALIZED_RESOURCES_FOLDER_PATH}/BoosterHealth.app\"\nrm -rf \"${DEST}\"\ncp -r \"${COMPANION}\" \"${DEST}\"\n";
		};
/* End PBXShellScriptBuildPhase section */

/* Begin PBXSourcesBuildPhase section */
		BB00000300000000000000AA /* Sources */ = {
			isa = PBXSourcesBuildPhase;
			buildActionMask = 2147483647;
			files = (
			);
			runOnlyForDeploymentPostprocessing = 0;
		};
		F2E054A62F6D24D100056210 /* Sources */ = {
			isa = PBXSourcesBuildPhase;
			buildActionMask = 2147483647;
			files = (
			);
			runOnlyForDeploymentPostprocessing = 0;
		};
		F2E054B32F6D24D600056210 /* Sources */ = {
			isa = PBXSourcesBuildPhase;
			buildActionMask = 2147483647;
			files = (
			);
			runOnlyForDeploymentPostprocessing = 0;
		};
		F2E054BD2F6D24D600056210 /* Sources */ = {
			isa = PBXSourcesBuildPhase;
			buildActionMask = 2147483647;
			files = (
			);
			runOnlyForDeploymentPostprocessing = 0;
		};
/* End PBXSourcesBuildPhase section */

/* Begin PBXTargetDependency section */
		BB00000A00000000000000AA /* PBXTargetDependency */ = {
			isa = PBXTargetDependency;
			target = BB00000600000000000000AA /* BoosterHealth */;
			targetProxy = BB00000B00000000000000AA /* PBXContainerItemProxy */;
		};
		F2E054B92F6D24D600056210 /* PBXTargetDependency */ = {
			isa = PBXTargetDependency;
			target = F2E054A92F6D24D100056210 /* BoosterSimApp */;
			targetProxy = F2E054B82F6D24D600056210 /* PBXContainerItemProxy */;
		};
		F2E054C32F6D24D600056210 /* PBXTargetDependency */ = {
			isa = PBXTargetDependency;
			target = F2E054A92F6D24D100056210 /* BoosterSimApp */;
			targetProxy = F2E054C22F6D24D600056210 /* PBXContainerItemProxy */;
		};
/* End PBXTargetDependency section */

/* Begin XCBuildConfiguration section */
		BB00000700000000000000AA /* Debug */ = {
			isa = XCBuildConfiguration;
			buildSettings = {
				CODE_SIGN_ENTITLEMENTS = "BoosterHealth-Entitlements.plist";
				CODE_SIGN_STYLE = Automatic;
				CURRENT_PROJECT_VERSION = 1;
				DEVELOPMENT_TEAM = EQ8B89SPCX;
				ENABLE_PREVIEWS = YES;
				GENERATE_INFOPLIST_FILE = NO;
				INFOPLIST_FILE = "BoosterHealth-Info.plist";
				IPHONEOS_DEPLOYMENT_TARGET = 17.0;
				MARKETING_VERSION = 1.0;
				PRODUCT_BUNDLE_IDENTIFIER = com.nextlabs.boosterhealth;
				PRODUCT_NAME = "$(TARGET_NAME)";
				SDKROOT = iphonesimulator;
				SUPPORTED_PLATFORMS = iphonesimulator;
				SWIFT_EMIT_LOC_STRINGS = YES;
				SWIFT_UPCOMING_FEATURE_MEMBER_IMPORT_VISIBILITY = YES;
				SWIFT_VERSION = 5.0;
				TARGETED_DEVICE_FAMILY = 1;
			};
			name = Debug;
		};
		BB00000800000000000000AA /* Release */ = {
			isa = XCBuildConfiguration;
			buildSettings = {
				CODE_SIGN_ENTITLEMENTS = "BoosterHealth-Entitlements.plist";
				CODE_SIGN_STYLE = Automatic;
				CURRENT_PROJECT_VERSION = 1;
				DEVELOPMENT_TEAM = EQ8B89SPCX;
				ENABLE_PREVIEWS = YES;
				GENERATE_INFOPLIST_FILE = NO;
				INFOPLIST_FILE = "BoosterHealth-Info.plist";
				IPHONEOS_DEPLOYMENT_TARGET = 17.0;
				MARKETING_VERSION = 1.0;
				PRODUCT_BUNDLE_IDENTIFIER = com.nextlabs.boosterhealth;
				PRODUCT_NAME = "$(TARGET_NAME)";
				SDKROOT = iphonesimulator;
				SUPPORTED_PLATFORMS = iphonesimulator;
				SWIFT_EMIT_LOC_STRINGS = YES;
				SWIFT_UPCOMING_FEATURE_MEMBER_IMPORT_VISIBILITY = YES;
				SWIFT_VERSION = 5.0;
				TARGETED_DEVICE_FAMILY = 1;
			};
			name = Release;
		};
		F2E054C92F6D24D600056210 /* Debug */ = {
			isa = XCBuildConfiguration;
			buildSettings = {
				ALWAYS_SEARCH_USER_PATHS = NO;
				ASSETCATALOG_COMPILER_GENERATE_SWIFT_ASSET_SYMBOL_EXTENSIONS = YES;
				CLANG_ANALYZER_NONNULL = YES;
				CLANG_ANALYZER_NUMBER_OBJECT_CONVERSION = YES_AGGRESSIVE;
				CLANG_CXX_LANGUAGE_STANDARD = "gnu++20";
				CLANG_ENABLE_MODULES = YES;
				CLANG_ENABLE_OBJC_ARC = YES;
				CLANG_ENABLE_OBJC_WEAK = YES;
				CLANG_WARN_BLOCK_CAPTURE_AUTORELEASING = YES;
				CLANG_WARN_BOOL_CONVERSION = YES;
				CLANG_WARN_COMMA = YES;
				CLANG_WARN_CONSTANT_CONVERSION = YES;
				CLANG_WARN_DEPRECATED_OBJC_IMPLEMENTATIONS = YES;
				CLANG_WARN_DIRECT_OBJC_ISA_USAGE = YES_ERROR;
				CLANG_WARN_DOCUMENTATION_COMMENTS = YES;
				CLANG_WARN_EMPTY_BODY = YES;
				CLANG_WARN_ENUM_CONVERSION = YES;
				CLANG_WARN_INFINITE_RECURSION = YES;
				CLANG_WARN_INT_CONVERSION = YES;
				CLANG_WARN_NON_LITERAL_NULL_CONVERSION = YES;
				CLANG_WARN_OBJC_IMPLICIT_RETAIN_SELF = YES;
				CLANG_WARN_OBJC_LITERAL_CONVERSION = YES;
				CLANG_WARN_OBJC_ROOT_CLASS = YES_ERROR;
				CLANG_WARN_QUOTED_INCLUDE_IN_FRAMEWORK_HEADER = YES;
				CLANG_WARN_RANGE_LOOP_ANALYSIS = YES;
				CLANG_WARN_STRICT_PROTOTYPES = YES;
				CLANG_WARN_SUSPICIOUS_MOVE = YES;
				CLANG_WARN_UNGUARDED_AVAILABILITY = YES_AGGRESSIVE;
				CLANG_WARN_UNREACHABLE_CODE = YES;
				CLANG_WARN__DUPLICATE_METHOD_MATCH = YES;
				COPY_PHASE_STRIP = NO;
				DEAD_CODE_STRIPPING = YES;
				DEBUG_INFORMATION_FORMAT = dwarf;
				DEVELOPMENT_TEAM = EQ8B89SPCX;
				ENABLE_STRICT_OBJC_MSGSEND = YES;
				ENABLE_TESTABILITY = YES;
				ENABLE_USER_SCRIPT_SANDBOXING = YES;
				GCC_C_LANGUAGE_STANDARD = gnu17;
				GCC_DYNAMIC_NO_PIC = NO;
				GCC_NO_COMMON_BLOCKS = YES;
				GCC_OPTIMIZATION_LEVEL = 0;
				GCC_PREPROCESSOR_DEFINITIONS = (
					"DEBUG=1",
					"$(inherited)",
				);
				GCC_WARN_64_TO_32_BIT_CONVERSION = YES;
				GCC_WARN_ABOUT_RETURN_TYPE = YES_ERROR;
				GCC_WARN_UNDECLARED_SELECTOR = YES;
				GCC_WARN_UNINITIALIZED_AUTOS = YES_AGGRESSIVE;
				GCC_WARN_UNUSED_FUNCTION = YES;
				GCC_WARN_UNUSED_VARIABLE = YES;
				LOCALIZATION_PREFERS_STRING_CATALOGS = YES;
				MACOSX_DEPLOYMENT_TARGET = 26.2;
				MTL_ENABLE_DEBUG_INFO = INCLUDE_SOURCE;
				MTL_FAST_MATH = YES;
				ONLY_ACTIVE_ARCH = YES;
				SDKROOT = macosx;
				STRING_CATALOG_GENERATE_SYMBOLS = YES;
				SWIFT_ACTIVE_COMPILATION_CONDITIONS = "DEBUG $(inherited)";
				SWIFT_OPTIMIZATION_LEVEL = "-Onone";
			};
			name = Debug;
		};
		F2E054CA2F6D24D600056210 /* Release */ = {
			isa = XCBuildConfiguration;
			buildSettings = {
				ALWAYS_SEARCH_USER_PATHS = NO;
				ASSETCATALOG_COMPILER_GENERATE_SWIFT_ASSET_SYMBOL_EXTENSIONS = YES;
				CLANG_ANALYZER_NONNULL = YES;
				CLANG_ANALYZER_NUMBER_OBJECT_CONVERSION = YES_AGGRESSIVE;
				CLANG_CXX_LANGUAGE_STANDARD = "gnu++20";
				CLANG_ENABLE_MODULES = YES;
				CLANG_ENABLE_OBJC_ARC = YES;
				CLANG_ENABLE_OBJC_WEAK = YES;
				CLANG_WARN_BLOCK_CAPTURE_AUTORELEASING = YES;
				CLANG_WARN_BOOL_CONVERSION = YES;
				CLANG_WARN_COMMA = YES;
				CLANG_WARN_CONSTANT_CONVERSION = YES;
				CLANG_WARN_DEPRECATED_OBJC_IMPLEMENTATIONS = YES;
				CLANG_WARN_DIRECT_OBJC_ISA_USAGE = YES_ERROR;
				CLANG_WARN_DOCUMENTATION_COMMENTS = YES;
				CLANG_WARN_EMPTY_BODY = YES;
				CLANG_WARN_ENUM_CONVERSION = YES;
				CLANG_WARN_INFINITE_RECURSION = YES;
				CLANG_WARN_INT_CONVERSION = YES;
				CLANG_WARN_NON_LITERAL_NULL_CONVERSION = YES;
				CLANG_WARN_OBJC_IMPLICIT_RETAIN_SELF = YES;
				CLANG_WARN_OBJC_LITERAL_CONVERSION = YES;
				CLANG_WARN_OBJC_ROOT_CLASS = YES_ERROR;
				CLANG_WARN_QUOTED_INCLUDE_IN_FRAMEWORK_HEADER = YES;
				CLANG_WARN_RANGE_LOOP_ANALYSIS = YES;
				CLANG_WARN_STRICT_PROTOTYPES = YES;
				CLANG_WARN_SUSPICIOUS_MOVE = YES;
				CLANG_WARN_UNGUARDED_AVAILABILITY = YES_AGGRESSIVE;
				CLANG_WARN_UNREACHABLE_CODE = YES;
				CLANG_WARN__DUPLICATE_METHOD_MATCH = YES;
				COPY_PHASE_STRIP = NO;
				DEAD_CODE_STRIPPING = YES;
				DEBUG_INFORMATION_FORMAT = "dwarf-with-dsym";
				DEVELOPMENT_TEAM = EQ8B89SPCX;
				ENABLE_NS_ASSERTIONS = NO;
				ENABLE_STRICT_OBJC_MSGSEND = YES;
				ENABLE_USER_SCRIPT_SANDBOXING = YES;
				GCC_C_LANGUAGE_STANDARD = gnu17;
				GCC_NO_COMMON_BLOCKS = YES;
				GCC_WARN_64_TO_32_BIT_CONVERSION = YES;
				GCC_WARN_ABOUT_RETURN_TYPE = YES_ERROR;
				GCC_WARN_UNDECLARED_SELECTOR = YES;
				GCC_WARN_UNINITIALIZED_AUTOS = YES_AGGRESSIVE;
				GCC_WARN_UNUSED_FUNCTION = YES;
				GCC_WARN_UNUSED_VARIABLE = YES;
				LOCALIZATION_PREFERS_STRING_CATALOGS = YES;
				MACOSX_DEPLOYMENT_TARGET = 26.2;
				MTL_ENABLE_DEBUG_INFO = NO;
				MTL_FAST_MATH = YES;
				SDKROOT = macosx;
				STRING_CATALOG_GENERATE_SYMBOLS = YES;
				SWIFT_COMPILATION_MODE = wholemodule;
			};
			name = Release;
		};
		F2E054CC2F6D24D600056210 /* Debug */ = {
			isa = XCBuildConfiguration;
			buildSettings = {
				ASSETCATALOG_COMPILER_APPICON_NAME = AppIcon;
				ASSETCATALOG_COMPILER_GLOBAL_ACCENT_COLOR_NAME = AccentColor;
				CODE_SIGN_STYLE = Automatic;
				COMBINE_HIDPI_IMAGES = YES;
				CURRENT_PROJECT_VERSION = 1;
				DEAD_CODE_STRIPPING = YES;
				DEVELOPMENT_TEAM = EQ8B89SPCX;
				ENABLE_APP_SANDBOX = NO;
				ENABLE_HARDENED_RUNTIME = YES;
				ENABLE_PREVIEWS = YES;
				ENABLE_USER_SCRIPT_SANDBOXING = NO;
				ENABLE_USER_SELECTED_FILES = readonly;
				GENERATE_INFOPLIST_FILE = YES;
				INFOPLIST_KEY_CFBundleDisplayName = BoosterSim;
				INFOPLIST_KEY_LSUIElement = YES;
				INFOPLIST_KEY_NSHumanReadableCopyright = "© 2026 BoosterSim";
				LD_RUNPATH_SEARCH_PATHS = (
					"$(inherited)",
					"@executable_path/../Frameworks",
				);
				MARKETING_VERSION = 1.0;
				PRODUCT_BUNDLE_IDENTIFIER = "sim-dev.BoosterSimApp";
				PRODUCT_NAME = "$(TARGET_NAME)";
				REGISTER_APP_GROUPS = YES;
				STRING_CATALOG_GENERATE_SYMBOLS = YES;
				SWIFT_APPROACHABLE_CONCURRENCY = YES;
				SWIFT_DEFAULT_ACTOR_ISOLATION = MainActor;
				SWIFT_EMIT_LOC_STRINGS = YES;
				SWIFT_UPCOMING_FEATURE_MEMBER_IMPORT_VISIBILITY = YES;
				SWIFT_VERSION = 5.0;
			};
			name = Debug;
		};
		F2E054CD2F6D24D600056210 /* Release */ = {
			isa = XCBuildConfiguration;
			buildSettings = {
				ASSETCATALOG_COMPILER_APPICON_NAME = AppIcon;
				ASSETCATALOG_COMPILER_GLOBAL_ACCENT_COLOR_NAME = AccentColor;
				CODE_SIGN_STYLE = Automatic;
				COMBINE_HIDPI_IMAGES = YES;
				CURRENT_PROJECT_VERSION = 1;
				DEAD_CODE_STRIPPING = YES;
				DEVELOPMENT_TEAM = EQ8B89SPCX;
				ENABLE_APP_SANDBOX = NO;
				ENABLE_HARDENED_RUNTIME = YES;
				ENABLE_PREVIEWS = YES;
				ENABLE_USER_SCRIPT_SANDBOXING = NO;
				ENABLE_USER_SELECTED_FILES = readonly;
				GENERATE_INFOPLIST_FILE = YES;
				INFOPLIST_KEY_CFBundleDisplayName = BoosterSim;
				INFOPLIST_KEY_LSUIElement = YES;
				INFOPLIST_KEY_NSHumanReadableCopyright = "© 2026 BoosterSim";
				LD_RUNPATH_SEARCH_PATHS = (
					"$(inherited)",
					"@executable_path/../Frameworks",
				);
				MARKETING_VERSION = 1.0;
				PRODUCT_BUNDLE_IDENTIFIER = "sim-dev.BoosterSimApp";
				PRODUCT_NAME = "$(TARGET_NAME)";
				REGISTER_APP_GROUPS = YES;
				STRING_CATALOG_GENERATE_SYMBOLS = YES;
				SWIFT_APPROACHABLE_CONCURRENCY = YES;
				SWIFT_DEFAULT_ACTOR_ISOLATION = MainActor;
				SWIFT_EMIT_LOC_STRINGS = YES;
				SWIFT_UPCOMING_FEATURE_MEMBER_IMPORT_VISIBILITY = YES;
				SWIFT_VERSION = 5.0;
			};
			name = Release;
		};
		F2E054CF2F6D24D600056210 /* Debug */ = {
			isa = XCBuildConfiguration;
			buildSettings = {
				BUNDLE_LOADER = "$(TEST_HOST)";
				CODE_SIGN_STYLE = Automatic;
				CURRENT_PROJECT_VERSION = 1;
				DEAD_CODE_STRIPPING = YES;
				DEVELOPMENT_TEAM = EQ8B89SPCX;
				GENERATE_INFOPLIST_FILE = YES;
				MACOSX_DEPLOYMENT_TARGET = 26.2;
				MARKETING_VERSION = 1.0;
				PRODUCT_BUNDLE_IDENTIFIER = "sim-dev.BoosterSimAppTests";
				PRODUCT_NAME = "$(TARGET_NAME)";
				STRING_CATALOG_GENERATE_SYMBOLS = NO;
				SWIFT_APPROACHABLE_CONCURRENCY = YES;
				SWIFT_EMIT_LOC_STRINGS = NO;
				SWIFT_UPCOMING_FEATURE_MEMBER_IMPORT_VISIBILITY = YES;
				SWIFT_VERSION = 5.0;
				TEST_HOST = "$(BUILT_PRODUCTS_DIR)/BoosterSimApp.app/$(BUNDLE_EXECUTABLE_FOLDER_PATH)/BoosterSimApp";
			};
			name = Debug;
		};
		F2E054D02F6D24D600056210 /* Release */ = {
			isa = XCBuildConfiguration;
			buildSettings = {
				BUNDLE_LOADER = "$(TEST_HOST)";
				CODE_SIGN_STYLE = Automatic;
				CURRENT_PROJECT_VERSION = 1;
				DEAD_CODE_STRIPPING = YES;
				DEVELOPMENT_TEAM = EQ8B89SPCX;
				GENERATE_INFOPLIST_FILE = YES;
				MACOSX_DEPLOYMENT_TARGET = 26.2;
				MARKETING_VERSION = 1.0;
				PRODUCT_BUNDLE_IDENTIFIER = "sim-dev.BoosterSimAppTests";
				PRODUCT_NAME = "$(TARGET_NAME)";
				STRING_CATALOG_GENERATE_SYMBOLS = NO;
				SWIFT_APPROACHABLE_CONCURRENCY = YES;
				SWIFT_EMIT_LOC_STRINGS = NO;
				SWIFT_UPCOMING_FEATURE_MEMBER_IMPORT_VISIBILITY = YES;
				SWIFT_VERSION = 5.0;
				TEST_HOST = "$(BUILT_PRODUCTS_DIR)/BoosterSimApp.app/$(BUNDLE_EXECUTABLE_FOLDER_PATH)/BoosterSimApp";
			};
			name = Release;
		};
		F2E054D22F6D24D600056210 /* Debug */ = {
			isa = XCBuildConfiguration;
			buildSettings = {
				CODE_SIGN_STYLE = Automatic;
				CURRENT_PROJECT_VERSION = 1;
				DEAD_CODE_STRIPPING = YES;
				DEVELOPMENT_TEAM = EQ8B89SPCX;
				GENERATE_INFOPLIST_FILE = YES;
				MARKETING_VERSION = 1.0;
				PRODUCT_BUNDLE_IDENTIFIER = "sim-dev.BoosterSimAppUITests";
				PRODUCT_NAME = "$(TARGET_NAME)";
				STRING_CATALOG_GENERATE_SYMBOLS = NO;
				SWIFT_APPROACHABLE_CONCURRENCY = YES;
				SWIFT_EMIT_LOC_STRINGS = NO;
				SWIFT_UPCOMING_FEATURE_MEMBER_IMPORT_VISIBILITY = YES;
				SWIFT_VERSION = 5.0;
				TEST_TARGET_NAME = BoosterSimApp;
			};
			name = Debug;
		};
		F2E054D32F6D24D600056210 /* Release */ = {
			isa = XCBuildConfiguration;
			buildSettings = {
				CODE_SIGN_STYLE = Automatic;
				CURRENT_PROJECT_VERSION = 1;
				DEAD_CODE_STRIPPING = YES;
				DEVELOPMENT_TEAM = EQ8B89SPCX;
				GENERATE_INFOPLIST_FILE = YES;
				MARKETING_VERSION = 1.0;
				PRODUCT_BUNDLE_IDENTIFIER = "sim-dev.BoosterSimAppUITests";
				PRODUCT_NAME = "$(TARGET_NAME)";
				STRING_CATALOG_GENERATE_SYMBOLS = NO;
				SWIFT_APPROACHABLE_CONCURRENCY = YES;
				SWIFT_EMIT_LOC_STRINGS = NO;
				SWIFT_UPCOMING_FEATURE_MEMBER_IMPORT_VISIBILITY = YES;
				SWIFT_VERSION = 5.0;
				TEST_TARGET_NAME = BoosterSimApp;
			};
			name = Release;
		};
/* End XCBuildConfiguration section */

/* Begin XCConfigurationList section */
		BB00000900000000000000AA /* Build configuration list for PBXNativeTarget "BoosterHealth" */ = {
			isa = XCConfigurationList;
			buildConfigurations = (
				BB00000700000000000000AA /* Debug */,
				BB00000800000000000000AA /* Release */,
			);
			defaultConfigurationIsVisible = 0;
			defaultConfigurationName = Release;
		};
		F2E054A52F6D24D100056210 /* Build configuration list for PBXProject "BoosterSimApp" */ = {
			isa = XCConfigurationList;
			buildConfigurations = (
				F2E054C92F6D24D600056210 /* Debug */,
				F2E054CA2F6D24D600056210 /* Release */,
			);
			defaultConfigurationIsVisible = 0;
			defaultConfigurationName = Release;
		};
		F2E054CB2F6D24D600056210 /* Build configuration list for PBXNativeTarget "BoosterSimApp" */ = {
			isa = XCConfigurationList;
			buildConfigurations = (
				F2E054CC2F6D24D600056210 /* Debug */,
				F2E054CD2F6D24D600056210 /* Release */,
			);
			defaultConfigurationIsVisible = 0;
			defaultConfigurationName = Release;
		};
		F2E054CE2F6D24D600056210 /* Build configuration list for PBXNativeTarget "BoosterSimAppTests" */ = {
			isa = XCConfigurationList;
			buildConfigurations = (
				F2E054CF2F6D24D600056210 /* Debug */,
				F2E054D02F6D24D600056210 /* Release */,
			);
			defaultConfigurationIsVisible = 0;
			defaultConfigurationName = Release;
		};
		F2E054D12F6D24D600056210 /* Build configuration list for PBXNativeTarget "BoosterSimAppUITests" */ = {
			isa = XCConfigurationList;
			buildConfigurations = (
				F2E054D22F6D24D600056210 /* Debug */,
				F2E054D32F6D24D600056210 /* Release */,
			);
			defaultConfigurationIsVisible = 0;
			defaultConfigurationName = Release;
		};
/* End XCConfigurationList section */
	};
	rootObject = F2E054A22F6D24D100056210 /* Project object */;
}
